
Microsoft Visual Studio Solution File, Format Version 12.00
# Visual Studio Version 17
VisualStudioVersion = 17.4.33403.182
MinimumVisualStudioVersion = 10.0.40219.1
Project("{9A19103F-16F7-4668-BE54-9A1E7A4F7556}") = "DiaperTracker.Domain", "DiaperTracker.Domain\DiaperTracker.Domain.csproj", "{F86167A7-5ED3-461B-AB55-77B6836B03C8}"
EndProject
Project("{9A19103F-16F7-4668-BE54-9A1E7A4F7556}") = "DiaperTracker.Contracts", "DiaperTracker.Contracts\DiaperTracker.Contracts.csproj", "{47223978-35E0-446E-BE9A-06A6FEA6F257}"
EndProject
Project("{9A19103F-16F7-4668-BE54-9A1E7A4F7556}") = "DiaperTracker.Persistence", "DiaperTracker.Persistence\DiaperTracker.Persistence.csproj", "{4DC85D83-C4FA-49B2-B580-8D87B9778A89}"
EndProject
Project("{9A19103F-16F7-4668-BE54-9A1E7A4F7556}") = "DiaperTracker.Services", "DiaperTracker.Services\DiaperTracker.Services.csproj", "{9685A868-0B91-4468-9D7F-E62E66378B30}"
EndProject
Project("{9A19103F-16F7-4668-BE54-9A1E7A4F7556}") = "DiaperTracker.Services.Abstractions", "DiaperTracker.Services.Abstractions\DiaperTracker.Services.Abstractions.csproj", "{A5DAAF57-F0A3-4471-AE67-45B17D7A9348}"
EndProject
Project("{9A19103F-16F7-4668-BE54-9A1E7A4F7556}") = "DiaperTracker.Presentation.OpenApi", "DiaperTracker.Presentation.OpenApi\DiaperTracker.Presentation.OpenApi.csproj", "{C0FB61C0-600C-47B4-B540-5E8D705B39C8}"
EndProject
Project("{9A19103F-16F7-4668-BE54-9A1E7A4F7556}") = "DiaperTracker.Api", "DiaperTracker.Api\DiaperTracker.Api.csproj", "{6452DC77-35BD-422E-84AD-8C332BF572D0}"
EndProject
Project("{E53339B2-1760-4266-BCC7-CA923CBCF16C}") = "docker-compose", "docker-compose.dcproj", "{57ECFA28-2DA3-46CB-B148-7FFC30CB124E}"
EndProject
Project("{2150E333-8FDC-42A3-9474-1A3956D46DE8}") = "Infrastructure", "Infrastructure", "{A0D2C494-3C5B-4BD8-8AE7-F4E2EAAB4329}"
EndProject
Project("{2150E333-8FDC-42A3-9474-1A3956D46DE8}") = "Domain", "Domain", "{B05A712D-A442-4DF4-B383-79EE0ECB4604}"
EndProject
Project("{2150E333-8FDC-42A3-9474-1A3956D46DE8}") = "Application", "Application", "{913BEC0D-4267-4EA2-A632-21D6C04AAAC1}"
EndProject
Project("{2150E333-8FDC-42A3-9474-1A3956D46DE8}") = "Presentation", "Presentation", "{D6C9E21E-12F3-4DB5-8AA3-7B23FF758B84}"
EndProject
Project("{9A19103F-16F7-4668-BE54-9A1E7A4F7556}") = "DiaperTracker.Email", "DiaperTracker.Email\DiaperTracker.Email.csproj", "{24CF54E0-9DAC-4CAE-8BEE-6EE45362D28D}"
EndProject
Project("{9A19103F-16F7-4668-BE54-9A1E7A4F7556}") = "DiaperTracker.Authentication", "DiaperTracker.Authentication\DiaperTracker.Authentication.csproj", "{3D665036-AAF8-4593-AF32-AB117D46599C}"
EndProject
Project("{FAE04EC0-301F-11D3-BF4B-00C04F79EFBC}") = "WebApplication1", "..\WebApplication1\WebApplication1.csproj", "{7D5EF57E-EC1A-4BA8-9980-968DD3323E53}"
EndProject
Global
	GlobalSection(SolutionConfigurationPlatforms) = preSolution
		Debug|Any CPU = Debug|Any CPU
		Release|Any CPU = Release|Any CPU
	EndGlobalSection
	GlobalSection(ProjectConfigurationPlatforms) = postSolution
		{F86167A7-5ED3-461B-AB55-77B6836B03C8}.Debug|Any CPU.ActiveCfg = Debug|Any CPU
		{F86167A7-5ED3-461B-AB55-77B6836B03C8}.Debug|Any CPU.Build.0 = Debug|Any CPU
		{F86167A7-5ED3-461B-AB55-77B6836B03C8}.Release|Any CPU.ActiveCfg = Release|Any CPU
		{F86167A7-5ED3-461B-AB55-77B6836B03C8}.Release|Any CPU.Build.0 = Release|Any CPU
		{47223978-35E0-446E-BE9A-06A6FEA6F257}.Debug|Any CPU.ActiveCfg = Debug|Any CPU
		{47223978-35E0-446E-BE9A-06A6FEA6F257}.Debug|Any CPU.Build.0 = Debug|Any CPU
		{47223978-35E0-446E-BE9A-06A6FEA6F257}.Release|Any CPU.ActiveCfg = Release|Any CPU
		{47223978-35E0-446E-BE9A-06A6FEA6F257}.Release|Any CPU.Build.0 = Release|Any CPU
		{4DC85D83-C4FA-49B2-B580-8D87B9778A89}.Debug|Any CPU.ActiveCfg = Debug|Any CPU
		{4DC85D83-C4FA-49B2-B580-8D87B9778A89}.Debug|Any CPU.Build.0 = Debug|Any CPU
		{4DC85D83-C4FA-49B2-B580-8D87B9778A89}.Release|Any CPU.ActiveCfg = Release|Any CPU
		{4DC85D83-C4FA-49B2-B580-8D87B9778A89}.Release|Any CPU.Build.0 = Release|Any CPU
		{9685A868-0B91-4468-9D7F-E62E66378B30}.Debug|Any CPU.ActiveCfg = Debug|Any CPU
		{9685A868-0B91-4468-9D7F-E62E66378B30}.Debug|Any CPU.Build.0 = Debug|Any CPU
		{9685A868-0B91-4468-9D7F-E62E66378B30}.Release|Any CPU.ActiveCfg = Release|Any CPU
		{9685A868-0B91-4468-9D7F-E62E66378B30}.Release|Any CPU.Build.0 = Release|Any CPU
		{A5DAAF57-F0A3-4471-AE67-45B17D7A9348}.Debug|Any CPU.ActiveCfg = Debug|Any CPU
		{A5DAAF57-F0A3-4471-AE67-45B17D7A9348}.Debug|Any CPU.Build.0 = Debug|Any CPU
		{A5DAAF57-F0A3-4471-AE67-45B17D7A9348}.Release|Any CPU.ActiveCfg = Release|Any CPU
		{A5DAAF57-F0A3-4471-AE67-45B17D7A9348}.Release|Any CPU.Build.0 = Release|Any CPU
		{C0FB61C0-600C-47B4-B540-5E8D705B39C8}.Debug|Any CPU.ActiveCfg = Debug|Any CPU
		{C0FB61C0-600C-47B4-B540-5E8D705B39C8}.Debug|Any CPU.Build.0 = Debug|Any CPU
		{C0FB61C0-600C-47B4-B540-5E8D705B39C8}.Release|Any CPU.ActiveCfg = Release|Any CPU
		{C0FB61C0-600C-47B4-B540-5E8D705B39C8}.Release|Any CPU.Build.0 = Release|Any CPU
		{6452DC77-35BD-422E-84AD-8C332BF572D0}.Debug|Any CPU.ActiveCfg = Debug|Any CPU
		{6452DC77-35BD-422E-84AD-8C332BF572D0}.Debug|Any CPU.Build.0 = Debug|Any CPU
		{6452DC77-35BD-422E-84AD-8C332BF572D0}.Release|Any CPU.ActiveCfg = Release|Any CPU
		{6452DC77-35BD-422E-84AD-8C332BF572D0}.Release|Any CPU.Build.0 = Release|Any CPU
		{57ECFA28-2DA3-46CB-B148-7FFC30CB124E}.Debug|Any CPU.ActiveCfg = Debug|Any CPU
		{57ECFA28-2DA3-46CB-B148-7FFC30CB124E}.Debug|Any CPU.Build.0 = Debug|Any CPU
		{57ECFA28-2DA3-46CB-B148-7FFC30CB124E}.Release|Any CPU.ActiveCfg = Release|Any CPU
		{57ECFA28-2DA3-46CB-B148-7FFC30CB124E}.Release|Any CPU.Build.0 = Release|Any CPU
		{24CF54E0-9DAC-4CAE-8BEE-6EE45362D28D}.Debug|Any CPU.ActiveCfg = Debug|Any CPU
		{24CF54E0-9DAC-4CAE-8BEE-6EE45362D28D}.Debug|Any CPU.Build.0 = Debug|Any CPU
		{24CF54E0-9DAC-4CAE-8BEE-6EE45362D28D}.Release|Any CPU.ActiveCfg = Release|Any CPU
		{24CF54E0-9DAC-4CAE-8BEE-6EE45362D28D}.Release|Any CPU.Build.0 = Release|Any CPU
		{3D665036-AAF8-4593-AF32-AB117D46599C}.Debug|Any CPU.ActiveCfg = Debug|Any CPU
		{3D665036-AAF8-4593-AF32-AB117D46599C}.Debug|Any CPU.Build.0 = Debug|Any CPU
		{3D665036-AAF8-4593-AF32-AB117D46599C}.Release|Any CPU.ActiveCfg = Release|Any CPU
		{3D665036-AAF8-4593-AF32-AB117D46599C}.Release|Any CPU.Build.0 = Release|Any CPU
		{7D5EF57E-EC1A-4BA8-9980-968DD3323E53}.Debug|Any CPU.ActiveCfg = Debug|Any CPU
		{7D5EF57E-EC1A-4BA8-9980-968DD3323E53}.Debug|Any CPU.Build.0 = Debug|Any CPU
		{7D5EF57E-EC1A-4BA8-9980-968DD3323E53}.Release|Any CPU.ActiveCfg = Release|Any CPU
		{7D5EF57E-EC1A-4BA8-9980-968DD3323E53}.Release|Any CPU.Build.0 = Release|Any CPU
	EndGlobalSection
	GlobalSection(SolutionProperties) = preSolution
		HideSolutionNode = FALSE
	EndGlobalSection
	GlobalSection(NestedProjects) = preSolution
		{F86167A7-5ED3-461B-AB55-77B6836B03C8} = {B05A712D-A442-4DF4-B383-79EE0ECB4604}
		{47223978-35E0-446E-BE9A-06A6FEA6F257} = {D6C9E21E-12F3-4DB5-8AA3-7B23FF758B84}
		{4DC85D83-C4FA-49B2-B580-8D87B9778A89} = {A0D2C494-3C5B-4BD8-8AE7-F4E2EAAB4329}
		{9685A868-0B91-4468-9D7F-E62E66378B30} = {913BEC0D-4267-4EA2-A632-21D6C04AAAC1}
		{A5DAAF57-F0A3-4471-AE67-45B17D7A9348} = {913BEC0D-4267-4EA2-A632-21D6C04AAAC1}
		{C0FB61C0-600C-47B4-B540-5E8D705B39C8} = {D6C9E21E-12F3-4DB5-8AA3-7B23FF758B84}
		{24CF54E0-9DAC-4CAE-8BEE-6EE45362D28D} = {A0D2C494-3C5B-4BD8-8AE7-F4E2EAAB4329}
		{3D665036-AAF8-4593-AF32-AB117D46599C} = {A0D2C494-3C5B-4BD8-8AE7-F4E2EAAB4329}
	EndGlobalSection
	GlobalSection(ExtensibilityGlobals) = postSolution
		SolutionGuid = {D0266F32-3251-4F8A-8E0A-E14AC6A2D713}
	EndGlobalSection
EndGlobal
